
Microsoft Visual Studio Solution File, Format Version 12.00
Project("{FAE04EC0-301F-11D3-BF4B-00C04F79EFBC}") = "Serilog.Sinks.File.Header", "src\Serilog.Sinks.File.Header\Serilog.Sinks.File.Header.csproj", "{019C9748-A4CF-4E76-A634-652291187C32}"
EndProject
Project("{FAE04EC0-301F-11D3-BF4B-00C04F79EFBC}") = "Serilog.Sinks.File.Header.Test", "test\Serilog.Sinks.File.Header.Test\Serilog.Sinks.File.Header.Test.csproj", "{CA076181-3A0F-487D-B59B-6C11FCF5CA74}"
EndProject
Project("{FAE04EC0-301F-11D3-BF4B-00C04F79EFBC}") = "Serilog.Sinks.File.Header.Sample", "sample\Serilog.Sinks.File.Header.Sample\Serilog.Sinks.File.Header.Sample.csproj", "{B0C3A762-6CE7-489E-95F8-668732E68584}"
EndProject
Global
	GlobalSection(SolutionConfigurationPlatforms) = preSolution
		Debug|Any CPU = Debug|Any CPU
		Release|Any CPU = Release|Any CPU
	EndGlobalSection
	GlobalSection(ProjectConfigurationPlatforms) = postSolution
		{019C9748-A4CF-4E76-A634-652291187C32}.Debug|Any CPU.ActiveCfg = Debug|Any CPU
		{019C9748-A4CF-4E76-A634-652291187C32}.Debug|Any CPU.Build.0 = Debug|Any CPU
		{019C9748-A4CF-4E76-A634-652291187C32}.Release|Any CPU.ActiveCfg = Release|Any CPU
		{019C9748-A4CF-4E76-A634-652291187C32}.Release|Any CPU.Build.0 = Release|Any CPU
		{CA076181-3A0F-487D-B59B-6C11FCF5CA74}.Debug|Any CPU.ActiveCfg = Debug|Any CPU
		{CA076181-3A0F-487D-B59B-6C11FCF5CA74}.Debug|Any CPU.Build.0 = Debug|Any CPU
		{CA076181-3A0F-487D-B59B-6C11FCF5CA74}.Release|Any CPU.ActiveCfg = Release|Any CPU
		{CA076181-3A0F-487D-B59B-6C11FCF5CA74}.Release|Any CPU.Build.0 = Release|Any CPU
		{B0C3A762-6CE7-489E-95F8-668732E68584}.Debug|Any CPU.ActiveCfg = Debug|Any CPU
		{B0C3A762-6CE7-489E-95F8-668732E68584}.Debug|Any CPU.Build.0 = Debug|Any CPU
		{B0C3A762-6CE7-489E-95F8-668732E68584}.Release|Any CPU.ActiveCfg = Release|Any CPU
		{B0C3A762-6CE7-489E-95F8-668732E68584}.Release|Any CPU.Build.0 = Release|Any CPU
	EndGlobalSection
EndGlobal
